
Microsoft Visual Studio Solution File, Format Version 12.00
# Visual Studio Version 17
VisualStudioVersion = 17.7.34024.191
MinimumVisualStudioVersion = 10.0.40219.1
Project("{9A19103F-16F7-4668-BE54-9A1E7A4F7556}") = "ICT3101_Calculator", "ICT3101_Calculator\ICT3101_Calculator.csproj", "{07A36163-785C-4984-AB78-5F8198ECEA37}"
EndProject
Project("{9A19103F-16F7-4668-BE54-9A1E7A4F7556}") = "ICT3101_Calculator.UnitTests", "ICT3101_Calculator.UnitTests\ICT3101_Calculator.UnitTests.csproj", "{920CD67B-9385-4CEB-A992-35B9656A712E}"
EndProject
Project("{9A19103F-16F7-4668-BE54-9A1E7A4F7556}") = "SpecFlowCalculatorTests", "SpecFlowCalculatorTests\SpecFlowCalculatorTests.csproj", "{F013808D-0612-487B-AA72-5CA0685FD499}"
EndProject
Project("{2150E333-8FDC-42A3-9474-1A3956D46DE8}") = "Items", "Items", "{276633A3-1910-4514-B784-9A7E17A93F58}"
	ProjectSection(SolutionItems) = preProject
		.github\workflows\dotnet-desktop.yml = .github\workflows\dotnet-desktop.yml
	EndProjectSection
EndProject
Global
	GlobalSection(SolutionConfigurationPlatforms) = preSolution
		Debug|Any CPU = Debug|Any CPU
		Release|Any CPU = Release|Any CPU
	EndGlobalSection
	GlobalSection(ProjectConfigurationPlatforms) = postSolution
		{07A36163-785C-4984-AB78-5F8198ECEA37}.Debug|Any CPU.ActiveCfg = Debug|Any CPU
		{07A36163-785C-4984-AB78-5F8198ECEA37}.Debug|Any CPU.Build.0 = Debug|Any CPU
		{07A36163-785C-4984-AB78-5F8198ECEA37}.Release|Any CPU.ActiveCfg = Release|Any CPU
		{07A36163-785C-4984-AB78-5F8198ECEA37}.Release|Any CPU.Build.0 = Release|Any CPU
		{920CD67B-9385-4CEB-A992-35B9656A712E}.Debug|Any CPU.ActiveCfg = Debug|Any CPU
		{920CD67B-9385-4CEB-A992-35B9656A712E}.Debug|Any CPU.Build.0 = Debug|Any CPU
		{920CD67B-9385-4CEB-A992-35B9656A712E}.Release|Any CPU.ActiveCfg = Release|Any CPU
		{920CD67B-9385-4CEB-A992-35B9656A712E}.Release|Any CPU.Build.0 = Release|Any CPU
		{F013808D-0612-487B-AA72-5CA0685FD499}.Debug|Any CPU.ActiveCfg = Debug|Any CPU
		{F013808D-0612-487B-AA72-5CA0685FD499}.Debug|Any CPU.Build.0 = Debug|Any CPU
		{F013808D-0612-487B-AA72-5CA0685FD499}.Release|Any CPU.ActiveCfg = Release|Any CPU
		{F013808D-0612-487B-AA72-5CA0685FD499}.Release|Any CPU.Build.0 = Release|Any CPU
	EndGlobalSection
	GlobalSection(SolutionProperties) = preSolution
		HideSolutionNode = FALSE
	EndGlobalSection
	GlobalSection(ExtensibilityGlobals) = postSolution
		SolutionGuid = {10D4F5D6-ED19-43F3-AC87-083CB28B2262}
	EndGlobalSection
EndGlobal
